
Microsoft Visual Studio Solution File, Format Version 12.00
# Visual Studio Version 17
VisualStudioVersion = 17.9.34723.18
MinimumVisualStudioVersion = 10.0.40219.1
Project("{FAE04EC0-301F-11D3-BF4B-00C04F79EFBC}") = "A2JainiTopiwala", "A2JainiTopiwala\A2JainiTopiwala.csproj", "{6F30811D-D943-4F30-B4B3-DC2313AEAAE3}"
EndProject
Global
	GlobalSection(SolutionConfigurationPlatforms) = preSolution
		Debug|Any CPU = Debug|Any CPU
		Release|Any CPU = Release|Any CPU
	EndGlobalSection
	GlobalSection(ProjectConfigurationPlatforms) = postSolution
		{6F30811D-D943-4F30-B4B3-DC2313AEAAE3}.Debug|Any CPU.ActiveCfg = Debug|Any CPU
		{6F30811D-D943-4F30-B4B3-DC2313AEAAE3}.Debug|Any CPU.Build.0 = Debug|Any CPU
		{6F30811D-D943-4F30-B4B3-DC2313AEAAE3}.Release|Any CPU.ActiveCfg = Release|Any CPU
		{6F30811D-D943-4F30-B4B3-DC2313AEAAE3}.Release|Any CPU.Build.0 = Release|Any CPU
	EndGlobalSection
	GlobalSection(SolutionProperties) = preSolution
		HideSolutionNode = FALSE
	EndGlobalSection
	GlobalSection(ExtensibilityGlobals) = postSolution
		SolutionGuid = {E5AC6E84-FF74-43AD-BE33-9B3A102652E4}
	EndGlobalSection
EndGlobal
