
Microsoft Visual Studio Solution File, Format Version 12.00
# Visual Studio Version 17
VisualStudioVersion = 17.9.34723.18
MinimumVisualStudioVersion = 10.0.40219.1
Project("{FAE04EC0-301F-11D3-BF4B-00C04F79EFBC}") = "Final-JainiTopiwala", "Final-JainiTopiwala\Final-JainiTopiwala.csproj", "{BD3B711A-2FAC-4D0F-B31C-6ED2C45B7A2A}"
EndProject
Global
	GlobalSection(SolutionConfigurationPlatforms) = preSolution
		Debug|Any CPU = Debug|Any CPU
		Release|Any CPU = Release|Any CPU
	EndGlobalSection
	GlobalSection(ProjectConfigurationPlatforms) = postSolution
		{BD3B711A-2FAC-4D0F-B31C-6ED2C45B7A2A}.Debug|Any CPU.ActiveCfg = Debug|Any CPU
		{BD3B711A-2FAC-4D0F-B31C-6ED2C45B7A2A}.Debug|Any CPU.Build.0 = Debug|Any CPU
		{BD3B711A-2FAC-4D0F-B31C-6ED2C45B7A2A}.Release|Any CPU.ActiveCfg = Release|Any CPU
		{BD3B711A-2FAC-4D0F-B31C-6ED2C45B7A2A}.Release|Any CPU.Build.0 = Release|Any CPU
	EndGlobalSection
	GlobalSection(SolutionProperties) = preSolution
		HideSolutionNode = FALSE
	EndGlobalSection
	GlobalSection(ExtensibilityGlobals) = postSolution
		SolutionGuid = {36F195B3-E358-4BE6-97D6-C802E912BF28}
	EndGlobalSection
EndGlobal
